{"filter":false,"title":"Gemfile.lock","tooltip":"/Submission-of-Assignment-bookers2-app/bookers2.clone/Gemfile.lock","undoManager":{"mark":-1,"position":-1,"stack":[]},"ace":{"folds":[],"scrolltop":0,"scrollleft":0,"selection":{"start":{"row":0,"column":0},"end":{"row":0,"column":0},"isBackwards":false},"options":{"guessTabSize":true,"useWrapMode":false,"wrapToView":true},"firstLineState":0},"timestamp":1619694552054,"hash":"27bc8a65e0bc7c1ddd383be09ffce1d8b0e84b08"}